
Microsoft Visual Studio Solution File, Format Version 12.00
# Visual Studio Version 16
VisualStudioVersion = 16.0.31702.278
MinimumVisualStudioVersion = 10.0.40219.1
Project("{FAE04EC0-301F-11D3-BF4B-00C04F79EFBC}") = "1091551_hw5", "1091551_hw5\1091551_hw5.csproj", "{EBA92EFD-78F7-45ED-B078-DE545778CE9A}"
EndProject
Global
	GlobalSection(SolutionConfigurationPlatforms) = preSolution
		Debug|Any CPU = Debug|Any CPU
		Release|Any CPU = Release|Any CPU
	EndGlobalSection
	GlobalSection(ProjectConfigurationPlatforms) = postSolution
		{EBA92EFD-78F7-45ED-B078-DE545778CE9A}.Debug|Any CPU.ActiveCfg = Debug|Any CPU
		{EBA92EFD-78F7-45ED-B078-DE545778CE9A}.Debug|Any CPU.Build.0 = Debug|Any CPU
		{EBA92EFD-78F7-45ED-B078-DE545778CE9A}.Release|Any CPU.ActiveCfg = Release|Any CPU
		{EBA92EFD-78F7-45ED-B078-DE545778CE9A}.Release|Any CPU.Build.0 = Release|Any CPU
	EndGlobalSection
	GlobalSection(SolutionProperties) = preSolution
		HideSolutionNode = FALSE
	EndGlobalSection
	GlobalSection(ExtensibilityGlobals) = postSolution
		SolutionGuid = {EDABE325-CA05-41FE-B35F-7EC9A9739E84}
	EndGlobalSection
EndGlobal
