
Microsoft Visual Studio Solution File, Format Version 12.00
# Visual Studio Version 16
VisualStudioVersion = 16.0.31702.278
MinimumVisualStudioVersion = 10.0.40219.1
Project("{FAE04EC0-301F-11D3-BF4B-00C04F79EFBC}") = "1091551_hw7", "1091551_hw7\1091551_hw7.csproj", "{8E6C3757-8684-4E28-B014-8A9184BB99CB}"
EndProject
Global
	GlobalSection(SolutionConfigurationPlatforms) = preSolution
		Debug|Any CPU = Debug|Any CPU
		Release|Any CPU = Release|Any CPU
	EndGlobalSection
	GlobalSection(ProjectConfigurationPlatforms) = postSolution
		{8E6C3757-8684-4E28-B014-8A9184BB99CB}.Debug|Any CPU.ActiveCfg = Debug|Any CPU
		{8E6C3757-8684-4E28-B014-8A9184BB99CB}.Debug|Any CPU.Build.0 = Debug|Any CPU
		{8E6C3757-8684-4E28-B014-8A9184BB99CB}.Release|Any CPU.ActiveCfg = Release|Any CPU
		{8E6C3757-8684-4E28-B014-8A9184BB99CB}.Release|Any CPU.Build.0 = Release|Any CPU
	EndGlobalSection
	GlobalSection(SolutionProperties) = preSolution
		HideSolutionNode = FALSE
	EndGlobalSection
	GlobalSection(ExtensibilityGlobals) = postSolution
		SolutionGuid = {735E61F9-E31C-486E-8B3E-03F3ED3C2A42}
	EndGlobalSection
EndGlobal
